{
  "name": "YT00_CAP-cds",
  "version": "1.0.0",
  "lockfileVersion": 3,
  "requires": true,
  "packages": {
    "": {
      "name": "YT00_CAP-cds",
      "version": "1.0.0",
      "license": "ISC",
      "devDependencies": {
        "@sap/cds-dk": "^9.1.0"
      },
      "engines": {
        "node": "^20.0.0"
      }
    },
    "node_modules/@sap/cds-dk": {
      "version": "9.3.1",
      "resolved": "https://registry.npmjs.org/@sap/cds-dk/-/cds-dk-9.3.1.tgz",
      "integrity": "sha512-Afa7hg+YwPgSq+tGY7CX2ZOo0decIp0qEyLaDdeXViAVPYZGiUjWp9Zyb8PoNElC5UNkRMDRJ4ZGOKjzf+mM+A==",
      "dev": true,
      "hasShrinkwrap": true,
      "license": "SEE LICENSE IN LICENSE",
      "dependencies": {
        "@cap-js/asyncapi": "^1.0.0",
        "@cap-js/openapi": "^1.0.0",
        "@sap/cds": ">=8.3",
        "@sap/cds-mtxs": ">=2",
        "@sap/hdi-deploy": "^5",
        "axios": "^1",
        "express": "^4.17.3",
        "hdb": "^0",
        "livereload-js": "^4.0.1",
        "mustache": "^4.0.1",
        "node-watch": ">=0.7",
        "ws": "^8.4.2",
        "xml-js": "^1.6.11",
        "yaml": "^2"
      },
      "bin": {
        "cds": "bin/cds.js",
        "cds-ts": "bin/cds-ts.js",
        "cds-tsx": "bin/cds-tsx.js"
      },
      "optionalDependencies": {
        "@cap-js/sqlite": ">=1"
      }
    }
  }
}
